
Microsoft Visual Studio Solution File, Format Version 12.00
# Visual Studio Version 17
VisualStudioVersion = 17.9.34728.123
MinimumVisualStudioVersion = 10.0.40219.1
Project("{FAE04EC0-301F-11D3-BF4B-00C04F79EFBC}") = "BlazorSampleApp1", "BlazorSampleApp1.csproj", "{0A4DA679-F3FC-4038-908F-023CCC7AB25B}"
EndProject
Global
	GlobalSection(SolutionConfigurationPlatforms) = preSolution
		Debug|Any CPU = Debug|Any CPU
		Release|Any CPU = Release|Any CPU
	EndGlobalSection
	GlobalSection(ProjectConfigurationPlatforms) = postSolution
		{0A4DA679-F3FC-4038-908F-023CCC7AB25B}.Debug|Any CPU.ActiveCfg = Debug|Any CPU
		{0A4DA679-F3FC-4038-908F-023CCC7AB25B}.Debug|Any CPU.Build.0 = Debug|Any CPU
		{0A4DA679-F3FC-4038-908F-023CCC7AB25B}.Release|Any CPU.ActiveCfg = Release|Any CPU
		{0A4DA679-F3FC-4038-908F-023CCC7AB25B}.Release|Any CPU.Build.0 = Release|Any CPU
	EndGlobalSection
	GlobalSection(SolutionProperties) = preSolution
		HideSolutionNode = FALSE
	EndGlobalSection
	GlobalSection(ExtensibilityGlobals) = postSolution
		SolutionGuid = {3EA0EC2E-23AE-4910-9552-FFCCB4CDEA6E}
	EndGlobalSection
EndGlobal
